// !$*UTF8*$!
{
	archiveVersion = 1;
	classes = {
	};
	objectVersion = 56;
	objects = {

/* Begin PBXBuildFile section */
		1D09FFE02B9A019E0016F0DE /* TogetherApp.swift in Sources */ = {isa = PBXBuildFile; fileRef = 1D09FFDF2B9A019E0016F0DE /* TogetherApp.swift */; };
		1D09FFE22B9A019E0016F0DE /* WelcomeView.swift in Sources */ = {isa = PBXBuildFile; fileRef = 1D09FFE12B9A019E0016F0DE /* WelcomeView.swift */; };
		1D09FFE42B9A019F0016F0DE /* Assets.xcassets in Resources */ = {isa = PBXBuildFile; fileRef = 1D09FFE32B9A019F0016F0DE /* Assets.xcassets */; };
		1D09FFE72B9A019F0016F0DE /* Preview Assets.xcassets in Resources */ = {isa = PBXBuildFile; fileRef = 1D09FFE62B9A019F0016F0DE /* Preview Assets.xcassets */; };
		1D09FFEF2B9A01ED0016F0DE /* LoginView.swift in Sources */ = {isa = PBXBuildFile; fileRef = 1D09FFEE2B9A01ED0016F0DE /* LoginView.swift */; };
		1D09FFF12B9A02050016F0DE /* RegistrationView.swift in Sources */ = {isa = PBXBuildFile; fileRef = 1D09FFF02B9A02050016F0DE /* RegistrationView.swift */; };
		1D09FFF42B9A02750016F0DE /* FeedView.swift in Sources */ = {isa = PBXBuildFile; fileRef = 1D09FFF32B9A02750016F0DE /* FeedView.swift */; };
		1D09FFF62B9A02820016F0DE /* Nearby.swift in Sources */ = {isa = PBXBuildFile; fileRef = 1D09FFF52B9A02820016F0DE /* Nearby.swift */; };
		1D09FFF82B9A028D0016F0DE /* ProfileView.swift in Sources */ = {isa = PBXBuildFile; fileRef = 1D09FFF72B9A028D0016F0DE /* ProfileView.swift */; };
		1D09FFFA2B9A02B00016F0DE /* AppColour.swift in Sources */ = {isa = PBXBuildFile; fileRef = 1D09FFF92B9A02B00016F0DE /* AppColour.swift */; };
		1D7846BF2B9CC29C00B15B84 /* MainView.swift in Sources */ = {isa = PBXBuildFile; fileRef = 1D7846BE2B9CC29C00B15B84 /* MainView.swift */; };
		1D7846C12B9CC2E900B15B84 /* SearchUserView.swift in Sources */ = {isa = PBXBuildFile; fileRef = 1D7846C02B9CC2E900B15B84 /* SearchUserView.swift */; };
		1DDB70452B9AFF2F00B06AA6 /* PostsView.swift in Sources */ = {isa = PBXBuildFile; fileRef = 1DDB70442B9AFF2F00B06AA6 /* PostsView.swift */; };
/* End PBXBuildFile section */

/* Begin PBXFileReference section */
		1D09FFDC2B9A019E0016F0DE /* Together.app */ = {isa = PBXFileReference; explicitFileType = wrapper.application; includeInIndex = 0; path = Together.app; sourceTree = BUILT_PRODUCTS_DIR; };
		1D09FFDF2B9A019E0016F0DE /* TogetherApp.swift */ = {isa = PBXFileReference; lastKnownFileType = sourcecode.swift; path = TogetherApp.swift; sourceTree = "<group>"; };
		1D09FFE12B9A019E0016F0DE /* WelcomeView.swift */ = {isa = PBXFileReference; lastKnownFileType = sourcecode.swift; path = WelcomeView.swift; sourceTree = "<group>"; };
		1D09FFE32B9A019F0016F0DE /* Assets.xcassets */ = {isa = PBXFileReference; lastKnownFileType = folder.assetcatalog; path = Assets.xcassets; sourceTree = "<group>"; };
		1D09FFE62B9A019F0016F0DE /* Preview Assets.xcassets */ = {isa = PBXFileReference; lastKnownFileType = folder.assetcatalog; path = "Preview Assets.xcassets"; sourceTree = "<group>"; };
		1D09FFEE2B9A01ED0016F0DE /* LoginView.swift */ = {isa = PBXFileReference; lastKnownFileType = sourcecode.swift; path = LoginView.swift; sourceTree = "<group>"; };
		1D09FFF02B9A02050016F0DE /* RegistrationView.swift */ = {isa = PBXFileReference; lastKnownFileType = sourcecode.swift; path = RegistrationView.swift; sourceTree = "<group>"; };
		1D09FFF22B9A02540016F0DE /* Info.plist */ = {isa = PBXFileReference; lastKnownFileType = text.plist; path = Info.plist; sourceTree = "<group>"; };
		1D09FFF32B9A02750016F0DE /* FeedView.swift */ = {isa = PBXFileReference; lastKnownFileType = sourcecode.swift; path = FeedView.swift; sourceTree = "<group>"; };
		1D09FFF52B9A02820016F0DE /* Nearby.swift */ = {isa = PBXFileReference; lastKnownFileType = sourcecode.swift; path = Nearby.swift; sourceTree = "<group>"; };
		1D09FFF72B9A028D0016F0DE /* ProfileView.swift */ = {isa = PBXFileReference; lastKnownFileType = sourcecode.swift; path = ProfileView.swift; sourceTree = "<group>"; };
		1D09FFF92B9A02B00016F0DE /* AppColour.swift */ = {isa = PBXFileReference; lastKnownFileType = sourcecode.swift; path = AppColour.swift; sourceTree = "<group>"; };
		1D7846BE2B9CC29C00B15B84 /* MainView.swift */ = {isa = PBXFileReference; lastKnownFileType = sourcecode.swift; path = MainView.swift; sourceTree = "<group>"; };
		1D7846C02B9CC2E900B15B84 /* SearchUserView.swift */ = {isa = PBXFileReference; lastKnownFileType = sourcecode.swift; path = SearchUserView.swift; sourceTree = "<group>"; };
		1DDB70442B9AFF2F00B06AA6 /* PostsView.swift */ = {isa = PBXFileReference; lastKnownFileType = sourcecode.swift; path = PostsView.swift; sourceTree = "<group>"; };
/* End PBXFileReference section */

/* Begin PBXFrameworksBuildPhase section */
		1D09FFD92B9A019E0016F0DE /* Frameworks */ = {
			isa = PBXFrameworksBuildPhase;
			buildActionMask = 2147483647;
			files = (
			);
			runOnlyForDeploymentPostprocessing = 0;
		};
/* End PBXFrameworksBuildPhase section */

/* Begin PBXGroup section */
		1D09FFD32B9A019E0016F0DE = {
			isa = PBXGroup;
			children = (
				1D09FFDE2B9A019E0016F0DE /* Together */,
				1D09FFDD2B9A019E0016F0DE /* Products */,
			);
			sourceTree = "<group>";
		};
		1D09FFDD2B9A019E0016F0DE /* Products */ = {
			isa = PBXGroup;
			children = (
				1D09FFDC2B9A019E0016F0DE /* Together.app */,
			);
			name = Products;
			sourceTree = "<group>";
		};
		1D09FFDE2B9A019E0016F0DE /* Together */ = {
			isa = PBXGroup;
			children = (
				1D09FFF22B9A02540016F0DE /* Info.plist */,
				1D09FFDF2B9A019E0016F0DE /* TogetherApp.swift */,
				1D09FFED2B9A01B70016F0DE /* Views */,
				1D09FFE32B9A019F0016F0DE /* Assets.xcassets */,
				1D09FFE52B9A019F0016F0DE /* Preview Content */,
			);
			path = Together;
			sourceTree = "<group>";
		};
		1D09FFE52B9A019F0016F0DE /* Preview Content */ = {
			isa = PBXGroup;
			children = (
				1D09FFE62B9A019F0016F0DE /* Preview Assets.xcassets */,
			);
			path = "Preview Content";
			sourceTree = "<group>";
		};
		1D09FFED2B9A01B70016F0DE /* Views */ = {
			isa = PBXGroup;
			children = (
				1D14D4BF2B9CE90500DE13A0 /* WelcomeViews */,
				1D14D4BE2B9CE7CF00DE13A0 /* FeedViews */,
				1D09FFF52B9A02820016F0DE /* Nearby.swift */,
				1D09FFF72B9A028D0016F0DE /* ProfileView.swift */,
				1D09FFF92B9A02B00016F0DE /* AppColour.swift */,
				1D7846BE2B9CC29C00B15B84 /* MainView.swift */,
				1D7846C02B9CC2E900B15B84 /* SearchUserView.swift */,
			);
			path = Views;
			sourceTree = "<group>";
		};
		1D14D4BE2B9CE7CF00DE13A0 /* FeedViews */ = {
			isa = PBXGroup;
			children = (
				1DDB70442B9AFF2F00B06AA6 /* PostsView.swift */,
				1D09FFF32B9A02750016F0DE /* FeedView.swift */,
			);
			path = FeedViews;
			sourceTree = "<group>";
		};
		1D14D4BF2B9CE90500DE13A0 /* WelcomeViews */ = {
			isa = PBXGroup;
			children = (
				1D09FFE12B9A019E0016F0DE /* WelcomeView.swift */,
				1D09FFEE2B9A01ED0016F0DE /* LoginView.swift */,
				1D09FFF02B9A02050016F0DE /* RegistrationView.swift */,
			);
			path = WelcomeViews;
			sourceTree = "<group>";
		};
/* End PBXGroup section */

/* Begin PBXNativeTarget section */
		1D09FFDB2B9A019E0016F0DE /* Together */ = {
			isa = PBXNativeTarget;
			buildConfigurationList = 1D09FFEA2B9A019F0016F0DE /* Build configuration list for PBXNativeTarget "Together" */;
			buildPhases = (
				1D09FFD82B9A019E0016F0DE /* Sources */,
				1D09FFD92B9A019E0016F0DE /* Frameworks */,
				1D09FFDA2B9A019E0016F0DE /* Resources */,
			);
			buildRules = (
			);
			dependencies = (
			);
			name = Together;
			productName = Together;
			productReference = 1D09FFDC2B9A019E0016F0DE /* Together.app */;
			productType = "com.apple.product-type.application";
		};
/* End PBXNativeTarget section */

/* Begin PBXProject section */
		1D09FFD42B9A019E0016F0DE /* Project object */ = {
			isa = PBXProject;
			attributes = {
				BuildIndependentTargetsInParallel = 1;
				LastSwiftUpdateCheck = 1520;
				LastUpgradeCheck = 1520;
				TargetAttributes = {
					1D09FFDB2B9A019E0016F0DE = {
						CreatedOnToolsVersion = 15.2;
					};
				};
			};
			buildConfigurationList = 1D09FFD72B9A019E0016F0DE /* Build configuration list for PBXProject "Together" */;
			compatibilityVersion = "Xcode 14.0";
			developmentRegion = en;
			hasScannedForEncodings = 0;
			knownRegions = (
				en,
				Base,
			);
			mainGroup = 1D09FFD32B9A019E0016F0DE;
			productRefGroup = 1D09FFDD2B9A019E0016F0DE /* Products */;
			projectDirPath = "";
			projectRoot = "";
			targets = (
				1D09FFDB2B9A019E0016F0DE /* Together */,
			);
		};
/* End PBXProject section */

/* Begin PBXResourcesBuildPhase section */
		1D09FFDA2B9A019E0016F0DE /* Resources */ = {
			isa = PBXResourcesBuildPhase;
			buildActionMask = 2147483647;
			files = (
				1D09FFE72B9A019F0016F0DE /* Preview Assets.xcassets in Resources */,
				1D09FFE42B9A019F0016F0DE /* Assets.xcassets in Resources */,
			);
			runOnlyForDeploymentPostprocessing = 0;
		};
/* End PBXResourcesBuildPhase section */

/* Begin PBXSourcesBuildPhase section */
		1D09FFD82B9A019E0016F0DE /* Sources */ = {
			isa = PBXSourcesBuildPhase;
			buildActionMask = 2147483647;
			files = (
				1D09FFF42B9A02750016F0DE /* FeedView.swift in Sources */,
				1D7846C12B9CC2E900B15B84 /* SearchUserView.swift in Sources */,
				1D09FFF62B9A02820016F0DE /* Nearby.swift in Sources */,
				1D09FFE22B9A019E0016F0DE /* WelcomeView.swift in Sources */,
				1D7846BF2B9CC29C00B15B84 /* MainView.swift in Sources */,
				1D09FFEF2B9A01ED0016F0DE /* LoginView.swift in Sources */,
				1D09FFE02B9A019E0016F0DE /* TogetherApp.swift in Sources */,
				1D09FFF82B9A028D0016F0DE /* ProfileView.swift in Sources */,
				1D09FFF12B9A02050016F0DE /* RegistrationView.swift in Sources */,
				1DDB70452B9AFF2F00B06AA6 /* PostsView.swift in Sources */,
				1D09FFFA2B9A02B00016F0DE /* AppColour.swift in Sources */,
			);
			runOnlyForDeploymentPostprocessing = 0;
		};
/* End PBXSourcesBuildPhase section */

/* Begin XCBuildConfiguration section */
		1D09FFE82B9A019F0016F0DE /* Debug */ = {
			isa = XCBuildConfiguration;
			buildSettings = {
				ALWAYS_SEARCH_USER_PATHS = NO;
				ASSETCATALOG_COMPILER_GENERATE_SWIFT_ASSET_SYMBOL_EXTENSIONS = YES;
				CLANG_ANALYZER_NONNULL = YES;
				CLANG_ANALYZER_NUMBER_OBJECT_CONVERSION = YES_AGGRESSIVE;
				CLANG_CXX_LANGUAGE_STANDARD = "gnu++20";
				CLANG_ENABLE_MODULES = YES;
				CLANG_ENABLE_OBJC_ARC = YES;
				CLANG_ENABLE_OBJC_WEAK = YES;
				CLANG_WARN_BLOCK_CAPTURE_AUTORELEASING = YES;
				CLANG_WARN_BOOL_CONVERSION = YES;
				CLANG_WARN_COMMA = YES;
				CLANG_WARN_CONSTANT_CONVERSION = YES;
				CLANG_WARN_DEPRECATED_OBJC_IMPLEMENTATIONS = YES;
				CLANG_WARN_DIRECT_OBJC_ISA_USAGE = YES_ERROR;
				CLANG_WARN_DOCUMENTATION_COMMENTS = YES;
				CLANG_WARN_EMPTY_BODY = YES;
				CLANG_WARN_ENUM_CONVERSION = YES;
				CLANG_WARN_INFINITE_RECURSION = YES;
				CLANG_WARN_INT_CONVERSION = YES;
				CLANG_WARN_NON_LITERAL_NULL_CONVERSION = YES;
				CLANG_WARN_OBJC_IMPLICIT_RETAIN_SELF = YES;
				CLANG_WARN_OBJC_LITERAL_CONVERSION = YES;
				CLANG_WARN_OBJC_ROOT_CLASS = YES_ERROR;
				CLANG_WARN_QUOTED_INCLUDE_IN_FRAMEWORK_HEADER = YES;
				CLANG_WARN_RANGE_LOOP_ANALYSIS = YES;
				CLANG_WARN_STRICT_PROTOTYPES = YES;
				CLANG_WARN_SUSPICIOUS_MOVE = YES;
				CLANG_WARN_UNGUARDED_AVAILABILITY = YES_AGGRESSIVE;
				CLANG_WARN_UNREACHABLE_CODE = YES;
				CLANG_WARN__DUPLICATE_METHOD_MATCH = YES;
				COPY_PHASE_STRIP = NO;
				DEBUG_INFORMATION_FORMAT = dwarf;
				ENABLE_STRICT_OBJC_MSGSEND = YES;
				ENABLE_TESTABILITY = YES;
				ENABLE_USER_SCRIPT_SANDBOXING = YES;
				GCC_C_LANGUAGE_STANDARD = gnu17;
				GCC_DYNAMIC_NO_PIC = NO;
				GCC_NO_COMMON_BLOCKS = YES;
				GCC_OPTIMIZATION_LEVEL = 0;
				GCC_PREPROCESSOR_DEFINITIONS = (
					"DEBUG=1",
					"$(inherited)",
				);
				GCC_WARN_64_TO_32_BIT_CONVERSION = YES;
				GCC_WARN_ABOUT_RETURN_TYPE = YES_ERROR;
				GCC_WARN_UNDECLARED_SELECTOR = YES;
				GCC_WARN_UNINITIALIZED_AUTOS = YES_AGGRESSIVE;
				GCC_WARN_UNUSED_FUNCTION = YES;
				GCC_WARN_UNUSED_VARIABLE = YES;
				IPHONEOS_DEPLOYMENT_TARGET = 17.2;
				LOCALIZATION_PREFERS_STRING_CATALOGS = YES;
				MTL_ENABLE_DEBUG_INFO = INCLUDE_SOURCE;
				MTL_FAST_MATH = YES;
				ONLY_ACTIVE_ARCH = YES;
				SDKROOT = iphoneos;
				SWIFT_ACTIVE_COMPILATION_CONDITIONS = "DEBUG $(inherited)";
				SWIFT_OPTIMIZATION_LEVEL = "-Onone";
			};
			name = Debug;
		};
		1D09FFE92B9A019F0016F0DE /* Release */ = {
			isa = XCBuildConfiguration;
			buildSettings = {
				ALWAYS_SEARCH_USER_PATHS = NO;
				ASSETCATALOG_COMPILER_GENERATE_SWIFT_ASSET_SYMBOL_EXTENSIONS = YES;
				CLANG_ANALYZER_NONNULL = YES;
				CLANG_ANALYZER_NUMBER_OBJECT_CONVERSION = YES_AGGRESSIVE;
				CLANG_CXX_LANGUAGE_STANDARD = "gnu++20";
				CLANG_ENABLE_MODULES = YES;
				CLANG_ENABLE_OBJC_ARC = YES;
				CLANG_ENABLE_OBJC_WEAK = YES;
				CLANG_WARN_BLOCK_CAPTURE_AUTORELEASING = YES;
				CLANG_WARN_BOOL_CONVERSION = YES;
				CLANG_WARN_COMMA = YES;
				CLANG_WARN_CONSTANT_CONVERSION = YES;
				CLANG_WARN_DEPRECATED_OBJC_IMPLEMENTATIONS = YES;
				CLANG_WARN_DIRECT_OBJC_ISA_USAGE = YES_ERROR;
				CLANG_WARN_DOCUMENTATION_COMMENTS = YES;
				CLANG_WARN_EMPTY_BODY = YES;
				CLANG_WARN_ENUM_CONVERSION = YES;
				CLANG_WARN_INFINITE_RECURSION = YES;
				CLANG_WARN_INT_CONVERSION = YES;
				CLANG_WARN_NON_LITERAL_NULL_CONVERSION = YES;
				CLANG_WARN_OBJC_IMPLICIT_RETAIN_SELF = YES;
				CLANG_WARN_OBJC_LITERAL_CONVERSION = YES;
				CLANG_WARN_OBJC_ROOT_CLASS = YES_ERROR;
				CLANG_WARN_QUOTED_INCLUDE_IN_FRAMEWORK_HEADER = YES;
				CLANG_WARN_RANGE_LOOP_ANALYSIS = YES;
				CLANG_WARN_STRICT_PROTOTYPES = YES;
				CLANG_WARN_SUSPICIOUS_MOVE = YES;
				CLANG_WARN_UNGUARDED_AVAILABILITY = YES_AGGRESSIVE;
				CLANG_WARN_UNREACHABLE_CODE = YES;
				CLANG_WARN__DUPLICATE_METHOD_MATCH = YES;
				COPY_PHASE_STRIP = NO;
				DEBUG_INFORMATION_FORMAT = "dwarf-with-dsym";
				ENABLE_NS_ASSERTIONS = NO;
				ENABLE_STRICT_OBJC_MSGSEND = YES;
				ENABLE_USER_SCRIPT_SANDBOXING = YES;
				GCC_C_LANGUAGE_STANDARD = gnu17;
				GCC_NO_COMMON_BLOCKS = YES;
				GCC_WARN_64_TO_32_BIT_CONVERSION = YES;
				GCC_WARN_ABOUT_RETURN_TYPE = YES_ERROR;
				GCC_WARN_UNDECLARED_SELECTOR = YES;
				GCC_WARN_UNINITIALIZED_AUTOS = YES_AGGRESSIVE;
				GCC_WARN_UNUSED_FUNCTION = YES;
				GCC_WARN_UNUSED_VARIABLE = YES;
				IPHONEOS_DEPLOYMENT_TARGET = 17.2;
				LOCALIZATION_PREFERS_STRING_CATALOGS = YES;
				MTL_ENABLE_DEBUG_INFO = NO;
				MTL_FAST_MATH = YES;
				SDKROOT = iphoneos;
				SWIFT_COMPILATION_MODE = wholemodule;
				VALIDATE_PRODUCT = YES;
			};
			name = Release;
		};
		1D09FFEB2B9A019F0016F0DE /* Debug */ = {
			isa = XCBuildConfiguration;
			buildSettings = {
				ASSETCATALOG_COMPILER_APPICON_NAME = AppIcon;
				ASSETCATALOG_COMPILER_GLOBAL_ACCENT_COLOR_NAME = AccentColor;
				CODE_SIGN_STYLE = Automatic;
				CURRENT_PROJECT_VERSION = 1;
				DEVELOPMENT_ASSET_PATHS = "\"Together/Preview Content\"";
				DEVELOPMENT_TEAM = 989N3WFNJX;
				ENABLE_PREVIEWS = YES;
				GENERATE_INFOPLIST_FILE = YES;
				INFOPLIST_FILE = Together/Info.plist;
				INFOPLIST_KEY_UIApplicationSceneManifest_Generation = YES;
				INFOPLIST_KEY_UIApplicationSupportsIndirectInputEvents = YES;
				INFOPLIST_KEY_UILaunchScreen_Generation = YES;
				INFOPLIST_KEY_UISupportedInterfaceOrientations_iPad = "UIInterfaceOrientationPortrait UIInterfaceOrientationPortraitUpsideDown UIInterfaceOrientationLandscapeLeft UIInterfaceOrientationLandscapeRight";
				INFOPLIST_KEY_UISupportedInterfaceOrientations_iPhone = "UIInterfaceOrientationPortrait UIInterfaceOrientationLandscapeLeft UIInterfaceOrientationLandscapeRight";
				LD_RUNPATH_SEARCH_PATHS = (
					"$(inherited)",
					"@executable_path/Frameworks",
				);
				MARKETING_VERSION = 1.0;
				PRODUCT_BUNDLE_IDENTIFIER = com.hasannarmah.Together;
				PRODUCT_NAME = "$(TARGET_NAME)";
				SWIFT_EMIT_LOC_STRINGS = YES;
				SWIFT_VERSION = 5.0;
				TARGETED_DEVICE_FAMILY = "1,2";
			};
			name = Debug;
		};
		1D09FFEC2B9A019F0016F0DE /* Release */ = {
			isa = XCBuildConfiguration;
			buildSettings = {
				ASSETCATALOG_COMPILER_APPICON_NAME = AppIcon;
				ASSETCATALOG_COMPILER_GLOBAL_ACCENT_COLOR_NAME = AccentColor;
				CODE_SIGN_STYLE = Automatic;
				CURRENT_PROJECT_VERSION = 1;
				DEVELOPMENT_ASSET_PATHS = "\"Together/Preview Content\"";
				DEVELOPMENT_TEAM = 989N3WFNJX;
				ENABLE_PREVIEWS = YES;
				GENERATE_INFOPLIST_FILE = YES;
				INFOPLIST_FILE = Together/Info.plist;
				INFOPLIST_KEY_UIApplicationSceneManifest_Generation = YES;
				INFOPLIST_KEY_UIApplicationSupportsIndirectInputEvents = YES;
				INFOPLIST_KEY_UILaunchScreen_Generation = YES;
				INFOPLIST_KEY_UISupportedInterfaceOrientations_iPad = "UIInterfaceOrientationPortrait UIInterfaceOrientationPortraitUpsideDown UIInterfaceOrientationLandscapeLeft UIInterfaceOrientationLandscapeRight";
				INFOPLIST_KEY_UISupportedInterfaceOrientations_iPhone = "UIInterfaceOrientationPortrait UIInterfaceOrientationLandscapeLeft UIInterfaceOrientationLandscapeRight";
				LD_RUNPATH_SEARCH_PATHS = (
					"$(inherited)",
					"@executable_path/Frameworks",
				);
				MARKETING_VERSION = 1.0;
				PRODUCT_BUNDLE_IDENTIFIER = com.hasannarmah.Together;
				PRODUCT_NAME = "$(TARGET_NAME)";
				SWIFT_EMIT_LOC_STRINGS = YES;
				SWIFT_VERSION = 5.0;
				TARGETED_DEVICE_FAMILY = "1,2";
			};
			name = Release;
		};
/* End XCBuildConfiguration section */

/* Begin XCConfigurationList section */
		1D09FFD72B9A019E0016F0DE /* Build configuration list for PBXProject "Together" */ = {
			isa = XCConfigurationList;
			buildConfigurations = (
				1D09FFE82B9A019F0016F0DE /* Debug */,
				1D09FFE92B9A019F0016F0DE /* Release */,
			);
			defaultConfigurationIsVisible = 0;
			defaultConfigurationName = Release;
		};
		1D09FFEA2B9A019F0016F0DE /* Build configuration list for PBXNativeTarget "Together" */ = {
			isa = XCConfigurationList;
			buildConfigurations = (
				1D09FFEB2B9A019F0016F0DE /* Debug */,
				1D09FFEC2B9A019F0016F0DE /* Release */,
			);
			defaultConfigurationIsVisible = 0;
			defaultConfigurationName = Release;
		};
/* End XCConfigurationList section */
	};
	rootObject = 1D09FFD42B9A019E0016F0DE /* Project object */;
}
